
Microsoft Visual Studio Solution File, Format Version 11.00
# Visual Studio 2010
Project("{FAE04EC0-301F-11D3-BF4B-00C04F79EFBC}") = "PDU", "PDU.csproj", "{392D62A9-2EBA-42CB-BE24-892FC0C6E3B9}"
EndProject
Global
	GlobalSection(SolutionConfigurationPlatforms) = preSolution
		Debug|Any CPU = Debug|Any CPU
		Release|Any CPU = Release|Any CPU
	EndGlobalSection
	GlobalSection(ProjectConfigurationPlatforms) = postSolution
		{392D62A9-2EBA-42CB-BE24-892FC0C6E3B9}.Debug|Any CPU.ActiveCfg = Debug|Any CPU
		{392D62A9-2EBA-42CB-BE24-892FC0C6E3B9}.Debug|Any CPU.Build.0 = Debug|Any CPU
		{392D62A9-2EBA-42CB-BE24-892FC0C6E3B9}.Release|Any CPU.ActiveCfg = Release|Any CPU
		{392D62A9-2EBA-42CB-BE24-892FC0C6E3B9}.Release|Any CPU.Build.0 = Release|Any CPU
	EndGlobalSection
	GlobalSection(MonoDevelopProperties) = preSolution
		StartupItem = PDU.csproj
	EndGlobalSection
EndGlobal
